
Microsoft Visual Studio Solution File, Format Version 12.00
# Visual Studio 2013
VisualStudioVersion = 12.0.30501.0
MinimumVisualStudioVersion = 10.0.40219.1
Project("{FAE04EC0-301F-11D3-BF4B-00C04F79EFBC}") = "UniversitySystem.Models", "UniversitySystem.Models\UniversitySystem.Models.csproj", "{C7068432-AA48-4BE9-8EF0-E2D6DC6CA35B}"
EndProject
Project("{FAE04EC0-301F-11D3-BF4B-00C04F79EFBC}") = "UniversitySystem.Data", "UniversitySystem.Data\UniversitySystem.Data.csproj", "{CFC03CBE-5867-4239-A75F-03137136B306}"
EndProject
Project("{FAE04EC0-301F-11D3-BF4B-00C04F79EFBC}") = "UniversitySystem.ConsoleClient", "UniversitySystem.ConsoleClient\UniversitySystem.ConsoleClient.csproj", "{547E95E9-3A2F-4A13-81B6-204810FCFEA1}"
EndProject
Global
	GlobalSection(SolutionConfigurationPlatforms) = preSolution
		Debug|Any CPU = Debug|Any CPU
		Release|Any CPU = Release|Any CPU
	EndGlobalSection
	GlobalSection(ProjectConfigurationPlatforms) = postSolution
		{C7068432-AA48-4BE9-8EF0-E2D6DC6CA35B}.Debug|Any CPU.ActiveCfg = Debug|Any CPU
		{C7068432-AA48-4BE9-8EF0-E2D6DC6CA35B}.Debug|Any CPU.Build.0 = Debug|Any CPU
		{C7068432-AA48-4BE9-8EF0-E2D6DC6CA35B}.Release|Any CPU.ActiveCfg = Release|Any CPU
		{C7068432-AA48-4BE9-8EF0-E2D6DC6CA35B}.Release|Any CPU.Build.0 = Release|Any CPU
		{CFC03CBE-5867-4239-A75F-03137136B306}.Debug|Any CPU.ActiveCfg = Debug|Any CPU
		{CFC03CBE-5867-4239-A75F-03137136B306}.Debug|Any CPU.Build.0 = Debug|Any CPU
		{CFC03CBE-5867-4239-A75F-03137136B306}.Release|Any CPU.ActiveCfg = Release|Any CPU
		{CFC03CBE-5867-4239-A75F-03137136B306}.Release|Any CPU.Build.0 = Release|Any CPU
		{547E95E9-3A2F-4A13-81B6-204810FCFEA1}.Debug|Any CPU.ActiveCfg = Debug|Any CPU
		{547E95E9-3A2F-4A13-81B6-204810FCFEA1}.Debug|Any CPU.Build.0 = Debug|Any CPU
		{547E95E9-3A2F-4A13-81B6-204810FCFEA1}.Release|Any CPU.ActiveCfg = Release|Any CPU
		{547E95E9-3A2F-4A13-81B6-204810FCFEA1}.Release|Any CPU.Build.0 = Release|Any CPU
	EndGlobalSection
	GlobalSection(SolutionProperties) = preSolution
		HideSolutionNode = FALSE
	EndGlobalSection
EndGlobal
